<?xml version="1.0" encoding="utf-8"?>
<Project ToolsVersion="4.0" xmlns="http://schemas.microsoft.com/developer/msbuild/2003">
  <ItemGroup>
    <ClCompile Include="DiceBag.cpp">
      <Filter>Source Files</Filter>
    </ClCompile>
    <ClCompile Include="Die.cpp">
      <Filter>Source Files</Filter>
    </ClCompile>
    <ClCompile Include="WinCLI.cpp">
      <Filter>Source Files</Filter>
    </ClCompile>
    <ClCompile Include="WordValidator.cpp">
      <Filter>Source Files</Filter>
    </ClCompile>
    <ClCompile Include="BoggleForm.cpp">
      <Filter>Source Files</Filter>
    </ClCompile>
  </ItemGroup>
  <ItemGroup>
    <ClInclude Include="BoggleForm.h" />
    <ClInclude Include="DiceBag.h">
      <Filter>Header Files</Filter>
    </ClInclude>
    <ClInclude Include="WordValidator.h">
      <Filter>Header Files</Filter>
    </ClInclude>
    <ClInclude Include="Die.h">
      <Filter>Header Files</Filter>
    </ClInclude>
  </ItemGroup>
  <ItemGroup>
    <EmbeddedResource Include="BoggleForm.resx" />
  </ItemGroup>
  <ItemGroup>
    <Filter Include="Header Files">
      <UniqueIdentifier>{928765f1-4982-4ab7-be82-01b517c7d957}</UniqueIdentifier>
    </Filter>
    <Filter Include="Source Files">
      <UniqueIdentifier>{c5e06dd9-851d-4160-8fce-9d9eb3b7c090}</UniqueIdentifier>
    </Filter>
    <Filter Include="Resource Files">
      <UniqueIdentifier>{976e30f6-49f6-4ebb-823f-f0fb3d5dae80}</UniqueIdentifier>
    </Filter>
  </ItemGroup>
</Project>