<?xml version="1.0" encoding="utf-8"?>
<Project ToolsVersion="4.0" xmlns="http://schemas.microsoft.com/developer/msbuild/2003">
  <ItemGroup>
    <Filter Include="Source Files">
      <UniqueIdentifier>{4FC737F1-C7A5-4376-A066-2A32D752A2FF}</UniqueIdentifier>
      <Extensions>cpp;c;cc;cxx;def;odl;idl;hpj;bat;asm;asmx</Extensions>
    </Filter>
    <Filter Include="Header Files">
      <UniqueIdentifier>{93995380-89BD-4b04-88EB-625FBE52EBFB}</UniqueIdentifier>
      <Extensions>h;hh;hpp;hxx;hm;inl;inc;xsd</Extensions>
    </Filter>
    <Filter Include="Resource Files">
      <UniqueIdentifier>{67DA6AB6-F800-4c08-8B7A-83BB121AAD01}</UniqueIdentifier>
      <Extensions>rc;ico;cur;bmp;dlg;rc2;rct;bin;rgs;gif;jpg;jpeg;jpe;resx;tiff;tif;png;wav;mfcribbon-ms</Extensions>
    </Filter>
<<<<<<< HEAD
    <Filter Include="Source Files\controller">
      <UniqueIdentifier>{d3ead3ec-783a-4d9e-ba14-f304a19d308e}</UniqueIdentifier>
    </Filter>
    <Filter Include="Source Files\model">
      <UniqueIdentifier>{1be19daa-c60d-474c-baa0-165185c4f46f}</UniqueIdentifier>
    </Filter>
    <Filter Include="Source Files\view">
      <UniqueIdentifier>{4e2769e2-5fd3-41e1-96d0-170004b05efc}</UniqueIdentifier>
=======
    <Filter Include="Source Files\model">
      <UniqueIdentifier>{e16d70aa-b35d-40cb-b7fe-d730823e7248}</UniqueIdentifier>
>>>>>>> Team11Boggle/master
    </Filter>
  </ItemGroup>
  <ItemGroup>
    <ClCompile Include="WinCLI.cpp">
      <Filter>Source Files</Filter>
    </ClCompile>
<<<<<<< HEAD
    <ClCompile Include="BoggleForm.cpp">
      <Filter>Source Files</Filter>
    </ClCompile>
    <ClCompile Include="Die.cpp">
      <Filter>Source Files</Filter>
    </ClCompile>
    <ClCompile Include="DiceBag.cpp">
      <Filter>Source Files</Filter>
    </ClCompile>
    <ClCompile Include="WordValidator.cpp">
      <Filter>Source Files</Filter>
    </ClCompile>
  </ItemGroup>
  <ItemGroup>
    <ClInclude Include="BoggleForm.h">
=======
    <ClCompile Include="Form.cpp">
      <Filter>Source Files</Filter>
    </ClCompile>
    <ClCompile Include="Die.cpp">
      <Filter>Source Files\model</Filter>
    </ClCompile>
    <ClCompile Include="DiceBag.cpp">
      <Filter>Source Files\model</Filter>
    </ClCompile>
  </ItemGroup>
  <ItemGroup>
    <ClInclude Include="Form.h">
>>>>>>> Team11Boggle/master
      <Filter>Header Files</Filter>
    </ClInclude>
    <ClInclude Include="Die.h">
      <Filter>Header Files</Filter>
    </ClInclude>
    <ClInclude Include="DiceBag.h">
      <Filter>Header Files</Filter>
    </ClInclude>
<<<<<<< HEAD
<<<<<<< HEAD
    <ClInclude Include="ValidateWords.h">
=======
    <ClInclude Include="WordValidator.h">
>>>>>>> 5bc7b8af3ac363ef5c6c768fed522a7426406524
      <Filter>Header Files</Filter>
    </ClInclude>
=======
>>>>>>> Team11Boggle/master
  </ItemGroup>
</Project>